
Microsoft Visual Studio Solution File, Format Version 12.00
# Visual Studio 14
VisualStudioVersion = 14.0.23107.0
MinimumVisualStudioVersion = 10.0.40219.1
Project("{FAE04EC0-301F-11D3-BF4B-00C04F79EFBC}") = "T4", "T4\T4.csproj", "{DAD24E49-C650-49A2-9C06-86630265657D}"
EndProject
Project("{8BC9CEB8-8B4A-11D0-8D11-00A0C91BC942}") = "aclib", "aclib\aclib.vcxproj", "{C6C34CB1-26A1-4D81-BADB-CFB69817A036}"
EndProject
Project("{FAE04EC0-301F-11D3-BF4B-00C04F79EFBC}") = "AclibPInvoke", "AclibPInvoke\AclibPInvoke.csproj", "{CAD59DEE-C8D8-4CEA-9607-7FE3DD7D3017}"
EndProject
Project("{2150E333-8FDC-42A3-9474-1A3956D46DE8}") = "网络编程", "网络编程", "{7BD11C28-A405-4975-894F-5F3DBA698985}"
EndProject
Project("{2150E333-8FDC-42A3-9474-1A3956D46DE8}") = "工作流", "工作流", "{A26A08DB-C710-4A74-9E7C-B66DD87FE495}"
EndProject
Project("{2150E333-8FDC-42A3-9474-1A3956D46DE8}") = "PInvoke和指针", "PInvoke和指针", "{961243EA-8AFF-424C-AAE2-0E946031DF54}"
EndProject
Project("{2150E333-8FDC-42A3-9474-1A3956D46DE8}") = "报表和打印", "报表和打印", "{7896322F-946B-419F-9EAE-7FCB95EB03C3}"
EndProject
Project("{2150E333-8FDC-42A3-9474-1A3956D46DE8}") = "Office二次开发", "Office二次开发", "{B7E2E6E8-A32A-46B1-8C97-5B5387DE6F85}"
EndProject
Project("{FAE04EC0-301F-11D3-BF4B-00C04F79EFBC}") = "MyExcelFunction", "MyExcelFunction\MyExcelFunction.csproj", "{BCA923A0-B356-4960-863D-417B3718F1E6}"
EndProject
Project("{FAE04EC0-301F-11D3-BF4B-00C04F79EFBC}") = "TcpServer", "TcpServer\TcpServer.csproj", "{2EBC1710-BABA-4CCB-AFA2-730C960632D0}"
EndProject
Project("{FAE04EC0-301F-11D3-BF4B-00C04F79EFBC}") = "TcpClient", "TcpClient\TcpClient.csproj", "{D2B50EDB-79DE-4D52-9B45-85563B815A73}"
EndProject
Project("{FAE04EC0-301F-11D3-BF4B-00C04F79EFBC}") = "UdpServer", "UdpServer\UdpServer.csproj", "{F355F88A-0995-4327-AF5D-0780B698F507}"
EndProject
Project("{FAE04EC0-301F-11D3-BF4B-00C04F79EFBC}") = "UdpClient", "UdpClient\UdpClient.csproj", "{3813CCBD-2EB8-4ACD-97CD-92BF8ADCBC26}"
EndProject
Project("{FAE04EC0-301F-11D3-BF4B-00C04F79EFBC}") = "MicrosoftLocalReportView", "MicrosoftLocalReportView\MicrosoftLocalReportView.csproj", "{2AA6D304-6A24-4BD5-B84F-33D567BED70B}"
EndProject
Project("{FAE04EC0-301F-11D3-BF4B-00C04F79EFBC}") = "WorkFlowConsole", "WorkFlowConsole\WorkFlowConsole.csproj", "{2CE5D1B3-A3F1-4E94-8806-DDE8A6E87EBC}"
EndProject
Project("{FAE04EC0-301F-11D3-BF4B-00C04F79EFBC}") = "TAP", "TAP\TAP.csproj", "{121ADDD4-0408-4389-8908-C38A41582F4B}"
EndProject
Project("{2150E333-8FDC-42A3-9474-1A3956D46DE8}") = "异步和多线程", "异步和多线程", "{C1FF8CE8-C3A3-4611-8879-0F28F172F1AB}"
EndProject
Project("{FAE04EC0-301F-11D3-BF4B-00C04F79EFBC}") = "Interlocked", "Interlocked\Interlocked.csproj", "{DF8613F4-ADD0-4625-AE84-5428B83F0F39}"
EndProject
Project("{2150E333-8FDC-42A3-9474-1A3956D46DE8}") = "消息队列和缓存", "消息队列和缓存", "{603BE789-36A3-46A8-96E6-7AEE99CEA5D6}"
EndProject
Project("{FAE04EC0-301F-11D3-BF4B-00C04F79EFBC}") = "ActiveMQ", "ActiveMQ\ActiveMQ.csproj", "{76D606DB-0C90-4CB1-9E92-66529C534EBC}"
EndProject
Project("{2150E333-8FDC-42A3-9474-1A3956D46DE8}") = "解压缩", "解压缩", "{D7D7AACD-16A2-4D36-83F5-457E6118713E}"
EndProject
Project("{FAE04EC0-301F-11D3-BF4B-00C04F79EFBC}") = "qiz4net", "qiz4net\qiz4net.csproj", "{2A2F899D-E78F-49D3-8FD7-C54258AC6F42}"
EndProject
Global
	GlobalSection(SolutionConfigurationPlatforms) = preSolution
		Debug|Any CPU = Debug|Any CPU
		Debug|x64 = Debug|x64
		Debug|x86 = Debug|x86
		Release|Any CPU = Release|Any CPU
		Release|x64 = Release|x64
		Release|x86 = Release|x86
	EndGlobalSection
	GlobalSection(ProjectConfigurationPlatforms) = postSolution
		{DAD24E49-C650-49A2-9C06-86630265657D}.Debug|Any CPU.ActiveCfg = Debug|Any CPU
		{DAD24E49-C650-49A2-9C06-86630265657D}.Debug|Any CPU.Build.0 = Debug|Any CPU
		{DAD24E49-C650-49A2-9C06-86630265657D}.Debug|x64.ActiveCfg = Debug|Any CPU
		{DAD24E49-C650-49A2-9C06-86630265657D}.Debug|x64.Build.0 = Debug|Any CPU
		{DAD24E49-C650-49A2-9C06-86630265657D}.Debug|x86.ActiveCfg = Debug|Any CPU
		{DAD24E49-C650-49A2-9C06-86630265657D}.Debug|x86.Build.0 = Debug|Any CPU
		{DAD24E49-C650-49A2-9C06-86630265657D}.Release|Any CPU.ActiveCfg = Release|Any CPU
		{DAD24E49-C650-49A2-9C06-86630265657D}.Release|Any CPU.Build.0 = Release|Any CPU
		{DAD24E49-C650-49A2-9C06-86630265657D}.Release|x64.ActiveCfg = Release|Any CPU
		{DAD24E49-C650-49A2-9C06-86630265657D}.Release|x64.Build.0 = Release|Any CPU
		{DAD24E49-C650-49A2-9C06-86630265657D}.Release|x86.ActiveCfg = Release|Any CPU
		{DAD24E49-C650-49A2-9C06-86630265657D}.Release|x86.Build.0 = Release|Any CPU
		{C6C34CB1-26A1-4D81-BADB-CFB69817A036}.Debug|Any CPU.ActiveCfg = Debug|Win32
		{C6C34CB1-26A1-4D81-BADB-CFB69817A036}.Debug|Any CPU.Build.0 = Debug|Win32
		{C6C34CB1-26A1-4D81-BADB-CFB69817A036}.Debug|x64.ActiveCfg = Debug|x64
		{C6C34CB1-26A1-4D81-BADB-CFB69817A036}.Debug|x64.Build.0 = Debug|x64
		{C6C34CB1-26A1-4D81-BADB-CFB69817A036}.Debug|x86.ActiveCfg = Debug|Win32
		{C6C34CB1-26A1-4D81-BADB-CFB69817A036}.Debug|x86.Build.0 = Debug|Win32
		{C6C34CB1-26A1-4D81-BADB-CFB69817A036}.Release|Any CPU.ActiveCfg = Release|Win32
		{C6C34CB1-26A1-4D81-BADB-CFB69817A036}.Release|x64.ActiveCfg = Release|Win32
		{C6C34CB1-26A1-4D81-BADB-CFB69817A036}.Release|x86.ActiveCfg = Release|Win32
		{C6C34CB1-26A1-4D81-BADB-CFB69817A036}.Release|x86.Build.0 = Release|Win32
		{CAD59DEE-C8D8-4CEA-9607-7FE3DD7D3017}.Debug|Any CPU.ActiveCfg = Debug|Any CPU
		{CAD59DEE-C8D8-4CEA-9607-7FE3DD7D3017}.Debug|Any CPU.Build.0 = Debug|Any CPU
		{CAD59DEE-C8D8-4CEA-9607-7FE3DD7D3017}.Debug|x64.ActiveCfg = Debug|Any CPU
		{CAD59DEE-C8D8-4CEA-9607-7FE3DD7D3017}.Debug|x64.Build.0 = Debug|Any CPU
		{CAD59DEE-C8D8-4CEA-9607-7FE3DD7D3017}.Debug|x86.ActiveCfg = Debug|Any CPU
		{CAD59DEE-C8D8-4CEA-9607-7FE3DD7D3017}.Debug|x86.Build.0 = Debug|Any CPU
		{CAD59DEE-C8D8-4CEA-9607-7FE3DD7D3017}.Release|Any CPU.ActiveCfg = Release|Any CPU
		{CAD59DEE-C8D8-4CEA-9607-7FE3DD7D3017}.Release|Any CPU.Build.0 = Release|Any CPU
		{CAD59DEE-C8D8-4CEA-9607-7FE3DD7D3017}.Release|x64.ActiveCfg = Release|Any CPU
		{CAD59DEE-C8D8-4CEA-9607-7FE3DD7D3017}.Release|x64.Build.0 = Release|Any CPU
		{CAD59DEE-C8D8-4CEA-9607-7FE3DD7D3017}.Release|x86.ActiveCfg = Release|Any CPU
		{CAD59DEE-C8D8-4CEA-9607-7FE3DD7D3017}.Release|x86.Build.0 = Release|Any CPU
		{BCA923A0-B356-4960-863D-417B3718F1E6}.Debug|Any CPU.ActiveCfg = Debug|Any CPU
		{BCA923A0-B356-4960-863D-417B3718F1E6}.Debug|Any CPU.Build.0 = Debug|Any CPU
		{BCA923A0-B356-4960-863D-417B3718F1E6}.Debug|x64.ActiveCfg = Debug|Any CPU
		{BCA923A0-B356-4960-863D-417B3718F1E6}.Debug|x64.Build.0 = Debug|Any CPU
		{BCA923A0-B356-4960-863D-417B3718F1E6}.Debug|x86.ActiveCfg = Debug|Any CPU
		{BCA923A0-B356-4960-863D-417B3718F1E6}.Debug|x86.Build.0 = Debug|Any CPU
		{BCA923A0-B356-4960-863D-417B3718F1E6}.Release|Any CPU.ActiveCfg = Release|Any CPU
		{BCA923A0-B356-4960-863D-417B3718F1E6}.Release|Any CPU.Build.0 = Release|Any CPU
		{BCA923A0-B356-4960-863D-417B3718F1E6}.Release|x64.ActiveCfg = Release|Any CPU
		{BCA923A0-B356-4960-863D-417B3718F1E6}.Release|x64.Build.0 = Release|Any CPU
		{BCA923A0-B356-4960-863D-417B3718F1E6}.Release|x86.ActiveCfg = Release|Any CPU
		{BCA923A0-B356-4960-863D-417B3718F1E6}.Release|x86.Build.0 = Release|Any CPU
		{2EBC1710-BABA-4CCB-AFA2-730C960632D0}.Debug|Any CPU.ActiveCfg = Debug|Any CPU
		{2EBC1710-BABA-4CCB-AFA2-730C960632D0}.Debug|Any CPU.Build.0 = Debug|Any CPU
		{2EBC1710-BABA-4CCB-AFA2-730C960632D0}.Debug|x64.ActiveCfg = Debug|Any CPU
		{2EBC1710-BABA-4CCB-AFA2-730C960632D0}.Debug|x64.Build.0 = Debug|Any CPU
		{2EBC1710-BABA-4CCB-AFA2-730C960632D0}.Debug|x86.ActiveCfg = Debug|Any CPU
		{2EBC1710-BABA-4CCB-AFA2-730C960632D0}.Debug|x86.Build.0 = Debug|Any CPU
		{2EBC1710-BABA-4CCB-AFA2-730C960632D0}.Release|Any CPU.ActiveCfg = Release|Any CPU
		{2EBC1710-BABA-4CCB-AFA2-730C960632D0}.Release|Any CPU.Build.0 = Release|Any CPU
		{2EBC1710-BABA-4CCB-AFA2-730C960632D0}.Release|x64.ActiveCfg = Release|Any CPU
		{2EBC1710-BABA-4CCB-AFA2-730C960632D0}.Release|x64.Build.0 = Release|Any CPU
		{2EBC1710-BABA-4CCB-AFA2-730C960632D0}.Release|x86.ActiveCfg = Release|Any CPU
		{2EBC1710-BABA-4CCB-AFA2-730C960632D0}.Release|x86.Build.0 = Release|Any CPU
		{D2B50EDB-79DE-4D52-9B45-85563B815A73}.Debug|Any CPU.ActiveCfg = Debug|Any CPU
		{D2B50EDB-79DE-4D52-9B45-85563B815A73}.Debug|Any CPU.Build.0 = Debug|Any CPU
		{D2B50EDB-79DE-4D52-9B45-85563B815A73}.Debug|x64.ActiveCfg = Debug|Any CPU
		{D2B50EDB-79DE-4D52-9B45-85563B815A73}.Debug|x64.Build.0 = Debug|Any CPU
		{D2B50EDB-79DE-4D52-9B45-85563B815A73}.Debug|x86.ActiveCfg = Debug|Any CPU
		{D2B50EDB-79DE-4D52-9B45-85563B815A73}.Debug|x86.Build.0 = Debug|Any CPU
		{D2B50EDB-79DE-4D52-9B45-85563B815A73}.Release|Any CPU.ActiveCfg = Release|Any CPU
		{D2B50EDB-79DE-4D52-9B45-85563B815A73}.Release|Any CPU.Build.0 = Release|Any CPU
		{D2B50EDB-79DE-4D52-9B45-85563B815A73}.Release|x64.ActiveCfg = Release|Any CPU
		{D2B50EDB-79DE-4D52-9B45-85563B815A73}.Release|x64.Build.0 = Release|Any CPU
		{D2B50EDB-79DE-4D52-9B45-85563B815A73}.Release|x86.ActiveCfg = Release|Any CPU
		{D2B50EDB-79DE-4D52-9B45-85563B815A73}.Release|x86.Build.0 = Release|Any CPU
		{F355F88A-0995-4327-AF5D-0780B698F507}.Debug|Any CPU.ActiveCfg = Debug|Any CPU
		{F355F88A-0995-4327-AF5D-0780B698F507}.Debug|Any CPU.Build.0 = Debug|Any CPU
		{F355F88A-0995-4327-AF5D-0780B698F507}.Debug|x64.ActiveCfg = Debug|Any CPU
		{F355F88A-0995-4327-AF5D-0780B698F507}.Debug|x64.Build.0 = Debug|Any CPU
		{F355F88A-0995-4327-AF5D-0780B698F507}.Debug|x86.ActiveCfg = Debug|Any CPU
		{F355F88A-0995-4327-AF5D-0780B698F507}.Debug|x86.Build.0 = Debug|Any CPU
		{F355F88A-0995-4327-AF5D-0780B698F507}.Release|Any CPU.ActiveCfg = Release|Any CPU
		{F355F88A-0995-4327-AF5D-0780B698F507}.Release|Any CPU.Build.0 = Release|Any CPU
		{F355F88A-0995-4327-AF5D-0780B698F507}.Release|x64.ActiveCfg = Release|Any CPU
		{F355F88A-0995-4327-AF5D-0780B698F507}.Release|x64.Build.0 = Release|Any CPU
		{F355F88A-0995-4327-AF5D-0780B698F507}.Release|x86.ActiveCfg = Release|Any CPU
		{F355F88A-0995-4327-AF5D-0780B698F507}.Release|x86.Build.0 = Release|Any CPU
		{3813CCBD-2EB8-4ACD-97CD-92BF8ADCBC26}.Debug|Any CPU.ActiveCfg = Debug|Any CPU
		{3813CCBD-2EB8-4ACD-97CD-92BF8ADCBC26}.Debug|Any CPU.Build.0 = Debug|Any CPU
		{3813CCBD-2EB8-4ACD-97CD-92BF8ADCBC26}.Debug|x64.ActiveCfg = Debug|Any CPU
		{3813CCBD-2EB8-4ACD-97CD-92BF8ADCBC26}.Debug|x64.Build.0 = Debug|Any CPU
		{3813CCBD-2EB8-4ACD-97CD-92BF8ADCBC26}.Debug|x86.ActiveCfg = Debug|Any CPU
		{3813CCBD-2EB8-4ACD-97CD-92BF8ADCBC26}.Debug|x86.Build.0 = Debug|Any CPU
		{3813CCBD-2EB8-4ACD-97CD-92BF8ADCBC26}.Release|Any CPU.ActiveCfg = Release|Any CPU
		{3813CCBD-2EB8-4ACD-97CD-92BF8ADCBC26}.Release|Any CPU.Build.0 = Release|Any CPU
		{3813CCBD-2EB8-4ACD-97CD-92BF8ADCBC26}.Release|x64.ActiveCfg = Release|Any CPU
		{3813CCBD-2EB8-4ACD-97CD-92BF8ADCBC26}.Release|x64.Build.0 = Release|Any CPU
		{3813CCBD-2EB8-4ACD-97CD-92BF8ADCBC26}.Release|x86.ActiveCfg = Release|Any CPU
		{3813CCBD-2EB8-4ACD-97CD-92BF8ADCBC26}.Release|x86.Build.0 = Release|Any CPU
		{2AA6D304-6A24-4BD5-B84F-33D567BED70B}.Debug|Any CPU.ActiveCfg = Debug|Any CPU
		{2AA6D304-6A24-4BD5-B84F-33D567BED70B}.Debug|Any CPU.Build.0 = Debug|Any CPU
		{2AA6D304-6A24-4BD5-B84F-33D567BED70B}.Debug|x64.ActiveCfg = Debug|Any CPU
		{2AA6D304-6A24-4BD5-B84F-33D567BED70B}.Debug|x64.Build.0 = Debug|Any CPU
		{2AA6D304-6A24-4BD5-B84F-33D567BED70B}.Debug|x86.ActiveCfg = Debug|Any CPU
		{2AA6D304-6A24-4BD5-B84F-33D567BED70B}.Debug|x86.Build.0 = Debug|Any CPU
		{2AA6D304-6A24-4BD5-B84F-33D567BED70B}.Release|Any CPU.ActiveCfg = Release|Any CPU
		{2AA6D304-6A24-4BD5-B84F-33D567BED70B}.Release|Any CPU.Build.0 = Release|Any CPU
		{2AA6D304-6A24-4BD5-B84F-33D567BED70B}.Release|x64.ActiveCfg = Release|Any CPU
		{2AA6D304-6A24-4BD5-B84F-33D567BED70B}.Release|x64.Build.0 = Release|Any CPU
		{2AA6D304-6A24-4BD5-B84F-33D567BED70B}.Release|x86.ActiveCfg = Release|Any CPU
		{2AA6D304-6A24-4BD5-B84F-33D567BED70B}.Release|x86.Build.0 = Release|Any CPU
		{2CE5D1B3-A3F1-4E94-8806-DDE8A6E87EBC}.Debug|Any CPU.ActiveCfg = Debug|Any CPU
		{2CE5D1B3-A3F1-4E94-8806-DDE8A6E87EBC}.Debug|Any CPU.Build.0 = Debug|Any CPU
		{2CE5D1B3-A3F1-4E94-8806-DDE8A6E87EBC}.Debug|x64.ActiveCfg = Debug|Any CPU
		{2CE5D1B3-A3F1-4E94-8806-DDE8A6E87EBC}.Debug|x64.Build.0 = Debug|Any CPU
		{2CE5D1B3-A3F1-4E94-8806-DDE8A6E87EBC}.Debug|x86.ActiveCfg = Debug|Any CPU
		{2CE5D1B3-A3F1-4E94-8806-DDE8A6E87EBC}.Debug|x86.Build.0 = Debug|Any CPU
		{2CE5D1B3-A3F1-4E94-8806-DDE8A6E87EBC}.Release|Any CPU.ActiveCfg = Release|Any CPU
		{2CE5D1B3-A3F1-4E94-8806-DDE8A6E87EBC}.Release|Any CPU.Build.0 = Release|Any CPU
		{2CE5D1B3-A3F1-4E94-8806-DDE8A6E87EBC}.Release|x64.ActiveCfg = Release|Any CPU
		{2CE5D1B3-A3F1-4E94-8806-DDE8A6E87EBC}.Release|x64.Build.0 = Release|Any CPU
		{2CE5D1B3-A3F1-4E94-8806-DDE8A6E87EBC}.Release|x86.ActiveCfg = Release|Any CPU
		{2CE5D1B3-A3F1-4E94-8806-DDE8A6E87EBC}.Release|x86.Build.0 = Release|Any CPU
		{121ADDD4-0408-4389-8908-C38A41582F4B}.Debug|Any CPU.ActiveCfg = Debug|Any CPU
		{121ADDD4-0408-4389-8908-C38A41582F4B}.Debug|Any CPU.Build.0 = Debug|Any CPU
		{121ADDD4-0408-4389-8908-C38A41582F4B}.Debug|x64.ActiveCfg = Debug|Any CPU
		{121ADDD4-0408-4389-8908-C38A41582F4B}.Debug|x64.Build.0 = Debug|Any CPU
		{121ADDD4-0408-4389-8908-C38A41582F4B}.Debug|x86.ActiveCfg = Debug|Any CPU
		{121ADDD4-0408-4389-8908-C38A41582F4B}.Debug|x86.Build.0 = Debug|Any CPU
		{121ADDD4-0408-4389-8908-C38A41582F4B}.Release|Any CPU.ActiveCfg = Release|Any CPU
		{121ADDD4-0408-4389-8908-C38A41582F4B}.Release|Any CPU.Build.0 = Release|Any CPU
		{121ADDD4-0408-4389-8908-C38A41582F4B}.Release|x64.ActiveCfg = Release|Any CPU
		{121ADDD4-0408-4389-8908-C38A41582F4B}.Release|x64.Build.0 = Release|Any CPU
		{121ADDD4-0408-4389-8908-C38A41582F4B}.Release|x86.ActiveCfg = Release|Any CPU
		{121ADDD4-0408-4389-8908-C38A41582F4B}.Release|x86.Build.0 = Release|Any CPU
		{DF8613F4-ADD0-4625-AE84-5428B83F0F39}.Debug|Any CPU.ActiveCfg = Debug|Any CPU
		{DF8613F4-ADD0-4625-AE84-5428B83F0F39}.Debug|Any CPU.Build.0 = Debug|Any CPU
		{DF8613F4-ADD0-4625-AE84-5428B83F0F39}.Debug|x64.ActiveCfg = Debug|Any CPU
		{DF8613F4-ADD0-4625-AE84-5428B83F0F39}.Debug|x64.Build.0 = Debug|Any CPU
		{DF8613F4-ADD0-4625-AE84-5428B83F0F39}.Debug|x86.ActiveCfg = Debug|Any CPU
		{DF8613F4-ADD0-4625-AE84-5428B83F0F39}.Debug|x86.Build.0 = Debug|Any CPU
		{DF8613F4-ADD0-4625-AE84-5428B83F0F39}.Release|Any CPU.ActiveCfg = Release|Any CPU
		{DF8613F4-ADD0-4625-AE84-5428B83F0F39}.Release|Any CPU.Build.0 = Release|Any CPU
		{DF8613F4-ADD0-4625-AE84-5428B83F0F39}.Release|x64.ActiveCfg = Release|Any CPU
		{DF8613F4-ADD0-4625-AE84-5428B83F0F39}.Release|x64.Build.0 = Release|Any CPU
		{DF8613F4-ADD0-4625-AE84-5428B83F0F39}.Release|x86.ActiveCfg = Release|Any CPU
		{DF8613F4-ADD0-4625-AE84-5428B83F0F39}.Release|x86.Build.0 = Release|Any CPU
		{76D606DB-0C90-4CB1-9E92-66529C534EBC}.Debug|Any CPU.ActiveCfg = Debug|Any CPU
		{76D606DB-0C90-4CB1-9E92-66529C534EBC}.Debug|Any CPU.Build.0 = Debug|Any CPU
		{76D606DB-0C90-4CB1-9E92-66529C534EBC}.Debug|x64.ActiveCfg = Debug|Any CPU
		{76D606DB-0C90-4CB1-9E92-66529C534EBC}.Debug|x64.Build.0 = Debug|Any CPU
		{76D606DB-0C90-4CB1-9E92-66529C534EBC}.Debug|x86.ActiveCfg = Debug|Any CPU
		{76D606DB-0C90-4CB1-9E92-66529C534EBC}.Debug|x86.Build.0 = Debug|Any CPU
		{76D606DB-0C90-4CB1-9E92-66529C534EBC}.Release|Any CPU.ActiveCfg = Release|Any CPU
		{76D606DB-0C90-4CB1-9E92-66529C534EBC}.Release|Any CPU.Build.0 = Release|Any CPU
		{76D606DB-0C90-4CB1-9E92-66529C534EBC}.Release|x64.ActiveCfg = Release|Any CPU
		{76D606DB-0C90-4CB1-9E92-66529C534EBC}.Release|x64.Build.0 = Release|Any CPU
		{76D606DB-0C90-4CB1-9E92-66529C534EBC}.Release|x86.ActiveCfg = Release|Any CPU
		{76D606DB-0C90-4CB1-9E92-66529C534EBC}.Release|x86.Build.0 = Release|Any CPU
		{2A2F899D-E78F-49D3-8FD7-C54258AC6F42}.Debug|Any CPU.ActiveCfg = Debug|Any CPU
		{2A2F899D-E78F-49D3-8FD7-C54258AC6F42}.Debug|Any CPU.Build.0 = Debug|Any CPU
		{2A2F899D-E78F-49D3-8FD7-C54258AC6F42}.Debug|x64.ActiveCfg = Debug|Any CPU
		{2A2F899D-E78F-49D3-8FD7-C54258AC6F42}.Debug|x64.Build.0 = Debug|Any CPU
		{2A2F899D-E78F-49D3-8FD7-C54258AC6F42}.Debug|x86.ActiveCfg = Debug|Any CPU
		{2A2F899D-E78F-49D3-8FD7-C54258AC6F42}.Debug|x86.Build.0 = Debug|Any CPU
		{2A2F899D-E78F-49D3-8FD7-C54258AC6F42}.Release|Any CPU.ActiveCfg = Release|Any CPU
		{2A2F899D-E78F-49D3-8FD7-C54258AC6F42}.Release|Any CPU.Build.0 = Release|Any CPU
		{2A2F899D-E78F-49D3-8FD7-C54258AC6F42}.Release|x64.ActiveCfg = Release|Any CPU
		{2A2F899D-E78F-49D3-8FD7-C54258AC6F42}.Release|x64.Build.0 = Release|Any CPU
		{2A2F899D-E78F-49D3-8FD7-C54258AC6F42}.Release|x86.ActiveCfg = Release|Any CPU
		{2A2F899D-E78F-49D3-8FD7-C54258AC6F42}.Release|x86.Build.0 = Release|Any CPU
	EndGlobalSection
	GlobalSection(SolutionProperties) = preSolution
		HideSolutionNode = FALSE
	EndGlobalSection
	GlobalSection(NestedProjects) = preSolution
		{C6C34CB1-26A1-4D81-BADB-CFB69817A036} = {961243EA-8AFF-424C-AAE2-0E946031DF54}
		{CAD59DEE-C8D8-4CEA-9607-7FE3DD7D3017} = {961243EA-8AFF-424C-AAE2-0E946031DF54}
		{BCA923A0-B356-4960-863D-417B3718F1E6} = {B7E2E6E8-A32A-46B1-8C97-5B5387DE6F85}
		{2EBC1710-BABA-4CCB-AFA2-730C960632D0} = {7BD11C28-A405-4975-894F-5F3DBA698985}
		{D2B50EDB-79DE-4D52-9B45-85563B815A73} = {7BD11C28-A405-4975-894F-5F3DBA698985}
		{F355F88A-0995-4327-AF5D-0780B698F507} = {7BD11C28-A405-4975-894F-5F3DBA698985}
		{3813CCBD-2EB8-4ACD-97CD-92BF8ADCBC26} = {7BD11C28-A405-4975-894F-5F3DBA698985}
		{2AA6D304-6A24-4BD5-B84F-33D567BED70B} = {7896322F-946B-419F-9EAE-7FCB95EB03C3}
		{2CE5D1B3-A3F1-4E94-8806-DDE8A6E87EBC} = {A26A08DB-C710-4A74-9E7C-B66DD87FE495}
		{121ADDD4-0408-4389-8908-C38A41582F4B} = {C1FF8CE8-C3A3-4611-8879-0F28F172F1AB}
		{DF8613F4-ADD0-4625-AE84-5428B83F0F39} = {C1FF8CE8-C3A3-4611-8879-0F28F172F1AB}
		{76D606DB-0C90-4CB1-9E92-66529C534EBC} = {603BE789-36A3-46A8-96E6-7AEE99CEA5D6}
		{2A2F899D-E78F-49D3-8FD7-C54258AC6F42} = {D7D7AACD-16A2-4D36-83F5-457E6118713E}
	EndGlobalSection
EndGlobal
